
Microsoft Visual Studio Solution File, Format Version 12.00
# Visual Studio Version 16
VisualStudioVersion = 16.0.33027.164
MinimumVisualStudioVersion = 10.0.40219.1
Project("{FAE04EC0-301F-11D3-BF4B-00C04F79EFBC}") = "Bank29", "Bank29.csproj", "{7593DDD5-9A00-430D-AD2C-14CA1BD83EC9}"
EndProject
Global
	GlobalSection(SolutionConfigurationPlatforms) = preSolution
		Debug|Any CPU = Debug|Any CPU
		Release|Any CPU = Release|Any CPU
	EndGlobalSection
	GlobalSection(ProjectConfigurationPlatforms) = postSolution
		{7593DDD5-9A00-430D-AD2C-14CA1BD83EC9}.Debug|Any CPU.ActiveCfg = Debug|Any CPU
		{7593DDD5-9A00-430D-AD2C-14CA1BD83EC9}.Debug|Any CPU.Build.0 = Debug|Any CPU
		{7593DDD5-9A00-430D-AD2C-14CA1BD83EC9}.Release|Any CPU.ActiveCfg = Release|Any CPU
		{7593DDD5-9A00-430D-AD2C-14CA1BD83EC9}.Release|Any CPU.Build.0 = Release|Any CPU
	EndGlobalSection
	GlobalSection(SolutionProperties) = preSolution
		HideSolutionNode = FALSE
	EndGlobalSection
	GlobalSection(ExtensibilityGlobals) = postSolution
		SolutionGuid = {0B8E8202-A089-42C6-A1C7-5316BE43D83F}
	EndGlobalSection
EndGlobal
